
Microsoft Visual Studio Solution File, Format Version 12.00
# Visual Studio Version 16
VisualStudioVersion = 16.0.30309.148
MinimumVisualStudioVersion = 10.0.40219.1
Project("{FAE04EC0-301F-11D3-BF4B-00C04F79EFBC}") = "FirstProject", "FirstProject\FirstProject.csproj", "{4CB0B0A3-6FD6-4536-AF9E-F5EA941DB6DB}"
EndProject
Global
	GlobalSection(SolutionConfigurationPlatforms) = preSolution
		Debug|Any CPU = Debug|Any CPU
		Release|Any CPU = Release|Any CPU
	EndGlobalSection
	GlobalSection(ProjectConfigurationPlatforms) = postSolution
		{4CB0B0A3-6FD6-4536-AF9E-F5EA941DB6DB}.Debug|Any CPU.ActiveCfg = Debug|Any CPU
		{4CB0B0A3-6FD6-4536-AF9E-F5EA941DB6DB}.Debug|Any CPU.Build.0 = Debug|Any CPU
		{4CB0B0A3-6FD6-4536-AF9E-F5EA941DB6DB}.Release|Any CPU.ActiveCfg = Release|Any CPU
		{4CB0B0A3-6FD6-4536-AF9E-F5EA941DB6DB}.Release|Any CPU.Build.0 = Release|Any CPU
	EndGlobalSection
	GlobalSection(SolutionProperties) = preSolution
		HideSolutionNode = FALSE
	EndGlobalSection
	GlobalSection(ExtensibilityGlobals) = postSolution
		SolutionGuid = {276B2A84-78A1-455F-8E93-25C897D62292}
	EndGlobalSection
EndGlobal
